// !$*UTF8*$!
{
	archiveVersion = 1;
	classes = {
	};
	objectVersion = 50;
	objects = {

/* Begin PBXBuildFile section */
		1233A3FA21C43DD8006BDDBD /* AppDelegate.swift in Sources */ = {isa = PBXBuildFile; fileRef = 1233A3F921C43DD8006BDDBD /* AppDelegate.swift */; };
		1233A3FC21C43DD8006BDDBD /* WelcomeVC.swift in Sources */ = {isa = PBXBuildFile; fileRef = 1233A3FB21C43DD8006BDDBD /* WelcomeVC.swift */; };
		1233A3FF21C43DD8006BDDBD /* Main.storyboard in Resources */ = {isa = PBXBuildFile; fileRef = 1233A3FD21C43DD8006BDDBD /* Main.storyboard */; };
		1233A40121C43DD8006BDDBD /* Assets.xcassets in Resources */ = {isa = PBXBuildFile; fileRef = 1233A40021C43DD8006BDDBD /* Assets.xcassets */; };
		1233A40421C43DD8006BDDBD /* LaunchScreen.storyboard in Resources */ = {isa = PBXBuildFile; fileRef = 1233A40221C43DD8006BDDBD /* LaunchScreen.storyboard */; };
		1233A40D21C4437E006BDDBD /* BorderButton.swift in Sources */ = {isa = PBXBuildFile; fileRef = 1233A40C21C4437E006BDDBD /* BorderButton.swift */; };
		12550F0D21CAA0A5002C1737 /* SkillVC.swift in Sources */ = {isa = PBXBuildFile; fileRef = 12550F0C21CAA0A5002C1737 /* SkillVC.swift */; };
		12550F0F21CAA0EE002C1737 /* LeagueVC.swift in Sources */ = {isa = PBXBuildFile; fileRef = 12550F0E21CAA0EE002C1737 /* LeagueVC.swift */; };
		12BCE9CB21CE7FA700387758 /* Player.swift in Sources */ = {isa = PBXBuildFile; fileRef = 12BCE9CA21CE7FA700387758 /* Player.swift */; };
/* End PBXBuildFile section */

/* Begin PBXFileReference section */
		1233A3F621C43DD8006BDDBD /* app-swoosh.app */ = {isa = PBXFileReference; explicitFileType = wrapper.application; includeInIndex = 0; path = "app-swoosh.app"; sourceTree = BUILT_PRODUCTS_DIR; };
		1233A3F921C43DD8006BDDBD /* AppDelegate.swift */ = {isa = PBXFileReference; lastKnownFileType = sourcecode.swift; path = AppDelegate.swift; sourceTree = "<group>"; };
		1233A3FB21C43DD8006BDDBD /* WelcomeVC.swift */ = {isa = PBXFileReference; lastKnownFileType = sourcecode.swift; path = WelcomeVC.swift; sourceTree = "<group>"; };
		1233A3FE21C43DD8006BDDBD /* Base */ = {isa = PBXFileReference; lastKnownFileType = file.storyboard; name = Base; path = Base.lproj/Main.storyboard; sourceTree = "<group>"; };
		1233A40021C43DD8006BDDBD /* Assets.xcassets */ = {isa = PBXFileReference; lastKnownFileType = folder.assetcatalog; path = Assets.xcassets; sourceTree = "<group>"; };
		1233A40321C43DD8006BDDBD /* Base */ = {isa = PBXFileReference; lastKnownFileType = file.storyboard; name = Base; path = Base.lproj/LaunchScreen.storyboard; sourceTree = "<group>"; };
		1233A40521C43DD8006BDDBD /* Info.plist */ = {isa = PBXFileReference; lastKnownFileType = text.plist.xml; path = Info.plist; sourceTree = "<group>"; };
		1233A40C21C4437E006BDDBD /* BorderButton.swift */ = {isa = PBXFileReference; lastKnownFileType = sourcecode.swift; path = BorderButton.swift; sourceTree = "<group>"; };
		12550F0C21CAA0A5002C1737 /* SkillVC.swift */ = {isa = PBXFileReference; lastKnownFileType = sourcecode.swift; path = SkillVC.swift; sourceTree = "<group>"; };
		12550F0E21CAA0EE002C1737 /* LeagueVC.swift */ = {isa = PBXFileReference; lastKnownFileType = sourcecode.swift; path = LeagueVC.swift; sourceTree = "<group>"; };
		12BCE9CA21CE7FA700387758 /* Player.swift */ = {isa = PBXFileReference; fileEncoding = 4; lastKnownFileType = sourcecode.swift; path = Player.swift; sourceTree = "<group>"; };
/* End PBXFileReference section */

/* Begin PBXFrameworksBuildPhase section */
		1233A3F321C43DD7006BDDBD /* Frameworks */ = {
			isa = PBXFrameworksBuildPhase;
			buildActionMask = 2147483647;
			files = (
			);
			runOnlyForDeploymentPostprocessing = 0;
		};
/* End PBXFrameworksBuildPhase section */

/* Begin PBXGroup section */
		1233A3ED21C43DD7006BDDBD = {
			isa = PBXGroup;
			children = (
				1233A3F821C43DD8006BDDBD /* app-swoosh */,
				1233A3F721C43DD8006BDDBD /* Products */,
			);
			sourceTree = "<group>";
		};
		1233A3F721C43DD8006BDDBD /* Products */ = {
			isa = PBXGroup;
			children = (
				1233A3F621C43DD8006BDDBD /* app-swoosh.app */,
			);
			name = Products;
			sourceTree = "<group>";
		};
		1233A3F821C43DD8006BDDBD /* app-swoosh */ = {
			isa = PBXGroup;
			children = (
				12550F0921CA9FD1002C1737 /* Controller */,
				12550F0821CA9FCB002C1737 /* Model */,
				1233A40B21C4432B006BDDBD /* View */,
				1233A3F921C43DD8006BDDBD /* AppDelegate.swift */,
				1233A3FD21C43DD8006BDDBD /* Main.storyboard */,
				1233A40021C43DD8006BDDBD /* Assets.xcassets */,
				1233A40221C43DD8006BDDBD /* LaunchScreen.storyboard */,
				1233A40521C43DD8006BDDBD /* Info.plist */,
			);
			path = "app-swoosh";
			sourceTree = "<group>";
		};
		1233A40B21C4432B006BDDBD /* View */ = {
			isa = PBXGroup;
			children = (
				1233A40C21C4437E006BDDBD /* BorderButton.swift */,
			);
			path = View;
			sourceTree = "<group>";
		};
		12550F0821CA9FCB002C1737 /* Model */ = {
			isa = PBXGroup;
			children = (
				12BCE9CA21CE7FA700387758 /* Player.swift */,
			);
			path = Model;
			sourceTree = "<group>";
		};
		12550F0921CA9FD1002C1737 /* Controller */ = {
			isa = PBXGroup;
			children = (
				1233A3FB21C43DD8006BDDBD /* WelcomeVC.swift */,
				12550F0C21CAA0A5002C1737 /* SkillVC.swift */,
				12550F0E21CAA0EE002C1737 /* LeagueVC.swift */,
			);
			path = Controller;
			sourceTree = "<group>";
		};
/* End PBXGroup section */

/* Begin PBXNativeTarget section */
		1233A3F521C43DD7006BDDBD /* app-swoosh */ = {
			isa = PBXNativeTarget;
			buildConfigurationList = 1233A40821C43DD8006BDDBD /* Build configuration list for PBXNativeTarget "app-swoosh" */;
			buildPhases = (
				1233A3F221C43DD7006BDDBD /* Sources */,
				1233A3F321C43DD7006BDDBD /* Frameworks */,
				1233A3F421C43DD7006BDDBD /* Resources */,
			);
			buildRules = (
			);
			dependencies = (
			);
			name = "app-swoosh";
			productName = "app-swoosh";
			productReference = 1233A3F621C43DD8006BDDBD /* app-swoosh.app */;
			productType = "com.apple.product-type.application";
		};
/* End PBXNativeTarget section */

/* Begin PBXProject section */
		1233A3EE21C43DD7006BDDBD /* Project object */ = {
			isa = PBXProject;
			attributes = {
				LastSwiftUpdateCheck = 1010;
				LastUpgradeCheck = 1010;
				ORGANIZATIONNAME = "Sadhik Sheneeb";
				TargetAttributes = {
					1233A3F521C43DD7006BDDBD = {
						CreatedOnToolsVersion = 10.1;
					};
				};
			};
			buildConfigurationList = 1233A3F121C43DD7006BDDBD /* Build configuration list for PBXProject "app-swoosh" */;
			compatibilityVersion = "Xcode 9.3";
			developmentRegion = en;
			hasScannedForEncodings = 0;
			knownRegions = (
				en,
				Base,
			);
			mainGroup = 1233A3ED21C43DD7006BDDBD;
			productRefGroup = 1233A3F721C43DD8006BDDBD /* Products */;
			projectDirPath = "";
			projectRoot = "";
			targets = (
				1233A3F521C43DD7006BDDBD /* app-swoosh */,
			);
		};
/* End PBXProject section */

/* Begin PBXResourcesBuildPhase section */
		1233A3F421C43DD7006BDDBD /* Resources */ = {
			isa = PBXResourcesBuildPhase;
			buildActionMask = 2147483647;
			files = (
				1233A40421C43DD8006BDDBD /* LaunchScreen.storyboard in Resources */,
				1233A40121C43DD8006BDDBD /* Assets.xcassets in Resources */,
				1233A3FF21C43DD8006BDDBD /* Main.storyboard in Resources */,
			);
			runOnlyForDeploymentPostprocessing = 0;
		};
/* End PBXResourcesBuildPhase section */

/* Begin PBXSourcesBuildPhase section */
		1233A3F221C43DD7006BDDBD /* Sources */ = {
			isa = PBXSourcesBuildPhase;
			buildActionMask = 2147483647;
			files = (
				12550F0F21CAA0EE002C1737 /* LeagueVC.swift in Sources */,
				1233A3FC21C43DD8006BDDBD /* WelcomeVC.swift in Sources */,
				1233A3FA21C43DD8006BDDBD /* AppDelegate.swift in Sources */,
				1233A40D21C4437E006BDDBD /* BorderButton.swift in Sources */,
				12BCE9CB21CE7FA700387758 /* Player.swift in Sources */,
				12550F0D21CAA0A5002C1737 /* SkillVC.swift in Sources */,
			);
			runOnlyForDeploymentPostprocessing = 0;
		};
/* End PBXSourcesBuildPhase section */

/* Begin PBXVariantGroup section */
		1233A3FD21C43DD8006BDDBD /* Main.storyboard */ = {
			isa = PBXVariantGroup;
			children = (
				1233A3FE21C43DD8006BDDBD /* Base */,
			);
			name = Main.storyboard;
			sourceTree = "<group>";
		};
		1233A40221C43DD8006BDDBD /* LaunchScreen.storyboard */ = {
			isa = PBXVariantGroup;
			children = (
				1233A40321C43DD8006BDDBD /* Base */,
			);
			name = LaunchScreen.storyboard;
			sourceTree = "<group>";
		};
/* End PBXVariantGroup section */

/* Begin XCBuildConfiguration section */
		1233A40621C43DD8006BDDBD /* Debug */ = {
			isa = XCBuildConfiguration;
			buildSettings = {
				ALWAYS_SEARCH_USER_PATHS = NO;
				CLANG_ANALYZER_NONNULL = YES;
				CLANG_ANALYZER_NUMBER_OBJECT_CONVERSION = YES_AGGRESSIVE;
				CLANG_CXX_LANGUAGE_STANDARD = "gnu++14";
				CLANG_CXX_LIBRARY = "libc++";
				CLANG_ENABLE_MODULES = YES;
				CLANG_ENABLE_OBJC_ARC = YES;
				CLANG_ENABLE_OBJC_WEAK = YES;
				CLANG_WARN_BLOCK_CAPTURE_AUTORELEASING = YES;
				CLANG_WARN_BOOL_CONVERSION = YES;
				CLANG_WARN_COMMA = YES;
				CLANG_WARN_CONSTANT_CONVERSION = YES;
				CLANG_WARN_DEPRECATED_OBJC_IMPLEMENTATIONS = YES;
				CLANG_WARN_DIRECT_OBJC_ISA_USAGE = YES_ERROR;
				CLANG_WARN_DOCUMENTATION_COMMENTS = YES;
				CLANG_WARN_EMPTY_BODY = YES;
				CLANG_WARN_ENUM_CONVERSION = YES;
				CLANG_WARN_INFINITE_RECURSION = YES;
				CLANG_WARN_INT_CONVERSION = YES;
				CLANG_WARN_NON_LITERAL_NULL_CONVERSION = YES;
				CLANG_WARN_OBJC_IMPLICIT_RETAIN_SELF = YES;
				CLANG_WARN_OBJC_LITERAL_CONVERSION = YES;
				CLANG_WARN_OBJC_ROOT_CLASS = YES_ERROR;
				CLANG_WARN_RANGE_LOOP_ANALYSIS = YES;
				CLANG_WARN_STRICT_PROTOTYPES = YES;
				CLANG_WARN_SUSPICIOUS_MOVE = YES;
				CLANG_WARN_UNGUARDED_AVAILABILITY = YES_AGGRESSIVE;
				CLANG_WARN_UNREACHABLE_CODE = YES;
				CLANG_WARN__DUPLICATE_METHOD_MATCH = YES;
				CODE_SIGN_IDENTITY = "iPhone Developer";
				COPY_PHASE_STRIP = NO;
				DEBUG_INFORMATION_FORMAT = dwarf;
				ENABLE_STRICT_OBJC_MSGSEND = YES;
				ENABLE_TESTABILITY = YES;
				GCC_C_LANGUAGE_STANDARD = gnu11;
				GCC_DYNAMIC_NO_PIC = NO;
				GCC_NO_COMMON_BLOCKS = YES;
				GCC_OPTIMIZATION_LEVEL = 0;
				GCC_PREPROCESSOR_DEFINITIONS = (
					"DEBUG=1",
					"$(inherited)",
				);
				GCC_WARN_64_TO_32_BIT_CONVERSION = YES;
				GCC_WARN_ABOUT_RETURN_TYPE = YES_ERROR;
				GCC_WARN_UNDECLARED_SELECTOR = YES;
				GCC_WARN_UNINITIALIZED_AUTOS = YES_AGGRESSIVE;
				GCC_WARN_UNUSED_FUNCTION = YES;
				GCC_WARN_UNUSED_VARIABLE = YES;
				IPHONEOS_DEPLOYMENT_TARGET = 12.1;
				MTL_ENABLE_DEBUG_INFO = INCLUDE_SOURCE;
				MTL_FAST_MATH = YES;
				ONLY_ACTIVE_ARCH = YES;
				SDKROOT = iphoneos;
				SWIFT_ACTIVE_COMPILATION_CONDITIONS = DEBUG;
				SWIFT_OPTIMIZATION_LEVEL = "-Onone";
			};
			name = Debug;
		};
		1233A40721C43DD8006BDDBD /* Release */ = {
			isa = XCBuildConfiguration;
			buildSettings = {
				ALWAYS_SEARCH_USER_PATHS = NO;
				CLANG_ANALYZER_NONNULL = YES;
				CLANG_ANALYZER_NUMBER_OBJECT_CONVERSION = YES_AGGRESSIVE;
				CLANG_CXX_LANGUAGE_STANDARD = "gnu++14";
				CLANG_CXX_LIBRARY = "libc++";
				CLANG_ENABLE_MODULES = YES;
				CLANG_ENABLE_OBJC_ARC = YES;
				CLANG_ENABLE_OBJC_WEAK = YES;
				CLANG_WARN_BLOCK_CAPTURE_AUTORELEASING = YES;
				CLANG_WARN_BOOL_CONVERSION = YES;
				CLANG_WARN_COMMA = YES;
				CLANG_WARN_CONSTANT_CONVERSION = YES;
				CLANG_WARN_DEPRECATED_OBJC_IMPLEMENTATIONS = YES;
				CLANG_WARN_DIRECT_OBJC_ISA_USAGE = YES_ERROR;
				CLANG_WARN_DOCUMENTATION_COMMENTS = YES;
				CLANG_WARN_EMPTY_BODY = YES;
				CLANG_WARN_ENUM_CONVERSION = YES;
				CLANG_WARN_INFINITE_RECURSION = YES;
				CLANG_WARN_INT_CONVERSION = YES;
				CLANG_WARN_NON_LITERAL_NULL_CONVERSION = YES;
				CLANG_WARN_OBJC_IMPLICIT_RETAIN_SELF = YES;
				CLANG_WARN_OBJC_LITERAL_CONVERSION = YES;
				CLANG_WARN_OBJC_ROOT_CLASS = YES_ERROR;
				CLANG_WARN_RANGE_LOOP_ANALYSIS = YES;
				CLANG_WARN_STRICT_PROTOTYPES = YES;
				CLANG_WARN_SUSPICIOUS_MOVE = YES;
				CLANG_WARN_UNGUARDED_AVAILABILITY = YES_AGGRESSIVE;
				CLANG_WARN_UNREACHABLE_CODE = YES;
				CLANG_WARN__DUPLICATE_METHOD_MATCH = YES;
				CODE_SIGN_IDENTITY = "iPhone Developer";
				COPY_PHASE_STRIP = NO;
				DEBUG_INFORMATION_FORMAT = "dwarf-with-dsym";
				ENABLE_NS_ASSERTIONS = NO;
				ENABLE_STRICT_OBJC_MSGSEND = YES;
				GCC_C_LANGUAGE_STANDARD = gnu11;
				GCC_NO_COMMON_BLOCKS = YES;
				GCC_WARN_64_TO_32_BIT_CONVERSION = YES;
				GCC_WARN_ABOUT_RETURN_TYPE = YES_ERROR;
				GCC_WARN_UNDECLARED_SELECTOR = YES;
				GCC_WARN_UNINITIALIZED_AUTOS = YES_AGGRESSIVE;
				GCC_WARN_UNUSED_FUNCTION = YES;
				GCC_WARN_UNUSED_VARIABLE = YES;
				IPHONEOS_DEPLOYMENT_TARGET = 12.1;
				MTL_ENABLE_DEBUG_INFO = NO;
				MTL_FAST_MATH = YES;
				SDKROOT = iphoneos;
				SWIFT_COMPILATION_MODE = wholemodule;
				SWIFT_OPTIMIZATION_LEVEL = "-O";
				VALIDATE_PRODUCT = YES;
			};
			name = Release;
		};
		1233A40921C43DD8006BDDBD /* Debug */ = {
			isa = XCBuildConfiguration;
			buildSettings = {
				ASSETCATALOG_COMPILER_APPICON_NAME = AppIcon;
				CODE_SIGN_STYLE = Automatic;
				DEVELOPMENT_TEAM = LD3EM3AE9A;
				INFOPLIST_FILE = "app-swoosh/Info.plist";
				LD_RUNPATH_SEARCH_PATHS = (
					"$(inherited)",
					"@executable_path/Frameworks",
				);
				PRODUCT_BUNDLE_IDENTIFIER = "com.sheneeb.app-swoosh";
				PRODUCT_NAME = "$(TARGET_NAME)";
				SWIFT_VERSION = 4.2;
				TARGETED_DEVICE_FAMILY = "1,2";
			};
			name = Debug;
		};
		1233A40A21C43DD8006BDDBD /* Release */ = {
			isa = XCBuildConfiguration;
			buildSettings = {
				ASSETCATALOG_COMPILER_APPICON_NAME = AppIcon;
				CODE_SIGN_STYLE = Automatic;
				DEVELOPMENT_TEAM = LD3EM3AE9A;
				INFOPLIST_FILE = "app-swoosh/Info.plist";
				LD_RUNPATH_SEARCH_PATHS = (
					"$(inherited)",
					"@executable_path/Frameworks",
				);
				PRODUCT_BUNDLE_IDENTIFIER = "com.sheneeb.app-swoosh";
				PRODUCT_NAME = "$(TARGET_NAME)";
				SWIFT_VERSION = 4.2;
				TARGETED_DEVICE_FAMILY = "1,2";
			};
			name = Release;
		};
/* End XCBuildConfiguration section */

/* Begin XCConfigurationList section */
		1233A3F121C43DD7006BDDBD /* Build configuration list for PBXProject "app-swoosh" */ = {
			isa = XCConfigurationList;
			buildConfigurations = (
				1233A40621C43DD8006BDDBD /* Debug */,
				1233A40721C43DD8006BDDBD /* Release */,
			);
			defaultConfigurationIsVisible = 0;
			defaultConfigurationName = Release;
		};
		1233A40821C43DD8006BDDBD /* Build configuration list for PBXNativeTarget "app-swoosh" */ = {
			isa = XCConfigurationList;
			buildConfigurations = (
				1233A40921C43DD8006BDDBD /* Debug */,
				1233A40A21C43DD8006BDDBD /* Release */,
			);
			defaultConfigurationIsVisible = 0;
			defaultConfigurationName = Release;
		};
/* End XCConfigurationList section */
	};
	rootObject = 1233A3EE21C43DD7006BDDBD /* Project object */;
}
